
Microsoft Visual Studio Solution File, Format Version 12.00
# Visual Studio Version 16
VisualStudioVersion = 16.0.31515.178
MinimumVisualStudioVersion = 10.0.40219.1
Project("{FAE04EC0-301F-11D3-BF4B-00C04F79EFBC}") = "confirmModal", "confirmModal\confirmModal.csproj", "{3FF20209-08F6-44F2-9D6A-F1D4A24F864F}"
EndProject
Global
	GlobalSection(SolutionConfigurationPlatforms) = preSolution
		Debug|Any CPU = Debug|Any CPU
		Release|Any CPU = Release|Any CPU
	EndGlobalSection
	GlobalSection(ProjectConfigurationPlatforms) = postSolution
		{3FF20209-08F6-44F2-9D6A-F1D4A24F864F}.Debug|Any CPU.ActiveCfg = Debug|Any CPU
		{3FF20209-08F6-44F2-9D6A-F1D4A24F864F}.Debug|Any CPU.Build.0 = Debug|Any CPU
		{3FF20209-08F6-44F2-9D6A-F1D4A24F864F}.Release|Any CPU.ActiveCfg = Release|Any CPU
		{3FF20209-08F6-44F2-9D6A-F1D4A24F864F}.Release|Any CPU.Build.0 = Release|Any CPU
	EndGlobalSection
	GlobalSection(SolutionProperties) = preSolution
		HideSolutionNode = FALSE
	EndGlobalSection
	GlobalSection(ExtensibilityGlobals) = postSolution
		SolutionGuid = {9858A46A-066A-4A2B-99B8-B3B465BE9116}
	EndGlobalSection
EndGlobal
